// !$*UTF8*$!
{
	archiveVersion = 1;
	classes = {
	};
	objectVersion = 46;
	objects = {

/* Begin PBXBuildFile section */
		CAE161271AE124F500771A43 /* Main.storyboard in Resources */ = {isa = PBXBuildFile; fileRef = CAE161251AE124F500771A43 /* Main.storyboard */; };
		CAE161291AE124F500771A43 /* Images.xcassets in Resources */ = {isa = PBXBuildFile; fileRef = CAE161281AE124F500771A43 /* Images.xcassets */; };
		CAE1612C1AE124F500771A43 /* LaunchScreen.xib in Resources */ = {isa = PBXBuildFile; fileRef = CAE1612A1AE124F500771A43 /* LaunchScreen.xib */; };
		CAE161441AE1252D00771A43 /* AppDelegate.swift in Sources */ = {isa = PBXBuildFile; fileRef = CAE161421AE1252D00771A43 /* AppDelegate.swift */; };
		CAE161451AE1252D00771A43 /* ViewController.swift in Sources */ = {isa = PBXBuildFile; fileRef = CAE161431AE1252D00771A43 /* ViewController.swift */; };
		CAE1614B1AE1370700771A43 /* SimpleKeychain.swift in Sources */ = {isa = PBXBuildFile; fileRef = CAE1614A1AE1370700771A43 /* SimpleKeychain.swift */; };
		CAE161551AE1813700771A43 /* Keychain_swift_Tests.swift in Sources */ = {isa = PBXBuildFile; fileRef = CAE161541AE1813700771A43 /* Keychain_swift_Tests.swift */; };
		CAE1615B1AE1A18100771A43 /* SimpleKeychain.swift in Sources */ = {isa = PBXBuildFile; fileRef = CAE1614A1AE1370700771A43 /* SimpleKeychain.swift */; };
/* End PBXBuildFile section */

/* Begin PBXContainerItemProxy section */
		CAE161591AE19FF100771A43 /* PBXContainerItemProxy */ = {
			isa = PBXContainerItemProxy;
			containerPortal = CAE161141AE124F500771A43 /* Project object */;
			proxyType = 1;
			remoteGlobalIDString = CAE1611B1AE124F500771A43;
			remoteInfo = "Keychain sample app";
		};
/* End PBXContainerItemProxy section */

/* Begin PBXFileReference section */
		CA43C89A1D12A20A00C3B257 /* SimpleKeychainSwift.podspec */ = {isa = PBXFileReference; fileEncoding = 4; lastKnownFileType = text; path = SimpleKeychainSwift.podspec; sourceTree = "<group>"; };
		CAE1611C1AE124F500771A43 /* Keychain sample app.app */ = {isa = PBXFileReference; explicitFileType = wrapper.application; includeInIndex = 0; path = "Keychain sample app.app"; sourceTree = BUILT_PRODUCTS_DIR; };
		CAE161201AE124F500771A43 /* Info.plist */ = {isa = PBXFileReference; lastKnownFileType = text.plist.xml; path = Info.plist; sourceTree = "<group>"; };
		CAE161261AE124F500771A43 /* Base */ = {isa = PBXFileReference; lastKnownFileType = file.storyboard; name = Base; path = Base.lproj/Main.storyboard; sourceTree = "<group>"; };
		CAE161281AE124F500771A43 /* Images.xcassets */ = {isa = PBXFileReference; lastKnownFileType = folder.assetcatalog; path = Images.xcassets; sourceTree = "<group>"; };
		CAE1612B1AE124F500771A43 /* Base */ = {isa = PBXFileReference; lastKnownFileType = file.xib; name = Base; path = Base.lproj/LaunchScreen.xib; sourceTree = "<group>"; };
		CAE161421AE1252D00771A43 /* AppDelegate.swift */ = {isa = PBXFileReference; fileEncoding = 4; lastKnownFileType = sourcecode.swift; path = AppDelegate.swift; sourceTree = "<group>"; };
		CAE161431AE1252D00771A43 /* ViewController.swift */ = {isa = PBXFileReference; fileEncoding = 4; lastKnownFileType = sourcecode.swift; path = ViewController.swift; sourceTree = "<group>"; };
		CAE1614A1AE1370700771A43 /* SimpleKeychain.swift */ = {isa = PBXFileReference; fileEncoding = 4; lastKnownFileType = sourcecode.swift; path = SimpleKeychain.swift; sourceTree = SOURCE_ROOT; };
		CAE161501AE1813700771A43 /* Keychain.swift Tests.xctest */ = {isa = PBXFileReference; explicitFileType = wrapper.cfbundle; includeInIndex = 0; path = "Keychain.swift Tests.xctest"; sourceTree = BUILT_PRODUCTS_DIR; };
		CAE161531AE1813700771A43 /* Info.plist */ = {isa = PBXFileReference; lastKnownFileType = text.plist.xml; path = Info.plist; sourceTree = "<group>"; };
		CAE161541AE1813700771A43 /* Keychain_swift_Tests.swift */ = {isa = PBXFileReference; lastKnownFileType = sourcecode.swift; path = Keychain_swift_Tests.swift; sourceTree = "<group>"; };
/* End PBXFileReference section */

/* Begin PBXFrameworksBuildPhase section */
		CAE161191AE124F500771A43 /* Frameworks */ = {
			isa = PBXFrameworksBuildPhase;
			buildActionMask = 2147483647;
			files = (
			);
			runOnlyForDeploymentPostprocessing = 0;
		};
		CAE1614D1AE1813700771A43 /* Frameworks */ = {
			isa = PBXFrameworksBuildPhase;
			buildActionMask = 2147483647;
			files = (
			);
			runOnlyForDeploymentPostprocessing = 0;
		};
/* End PBXFrameworksBuildPhase section */

/* Begin PBXGroup section */
		CAE161131AE124F500771A43 = {
			isa = PBXGroup;
			children = (
				CA43C89A1D12A20A00C3B257 /* SimpleKeychainSwift.podspec */,
				CAE1611E1AE124F500771A43 /* Keychain sample app */,
				CAE161511AE1813700771A43 /* Keychain.swift Tests */,
				CAE1611D1AE124F500771A43 /* Products */,
			);
			sourceTree = "<group>";
		};
		CAE1611D1AE124F500771A43 /* Products */ = {
			isa = PBXGroup;
			children = (
				CAE1611C1AE124F500771A43 /* Keychain sample app.app */,
				CAE161501AE1813700771A43 /* Keychain.swift Tests.xctest */,
			);
			name = Products;
			sourceTree = "<group>";
		};
		CAE1611E1AE124F500771A43 /* Keychain sample app */ = {
			isa = PBXGroup;
			children = (
				CAE161411AE1252D00771A43 /* Classes */,
				CAE161251AE124F500771A43 /* Main.storyboard */,
				CAE161281AE124F500771A43 /* Images.xcassets */,
				CAE1612A1AE124F500771A43 /* LaunchScreen.xib */,
				CAE1611F1AE124F500771A43 /* Supporting Files */,
			);
			path = "Keychain sample app";
			sourceTree = "<group>";
		};
		CAE1611F1AE124F500771A43 /* Supporting Files */ = {
			isa = PBXGroup;
			children = (
				CAE161201AE124F500771A43 /* Info.plist */,
			);
			name = "Supporting Files";
			sourceTree = "<group>";
		};
		CAE161411AE1252D00771A43 /* Classes */ = {
			isa = PBXGroup;
			children = (
				CAE161421AE1252D00771A43 /* AppDelegate.swift */,
				CAE161431AE1252D00771A43 /* ViewController.swift */,
				CAE1614A1AE1370700771A43 /* SimpleKeychain.swift */,
			);
			path = Classes;
			sourceTree = "<group>";
		};
		CAE161511AE1813700771A43 /* Keychain.swift Tests */ = {
			isa = PBXGroup;
			children = (
				CAE161541AE1813700771A43 /* Keychain_swift_Tests.swift */,
				CAE161521AE1813700771A43 /* Supporting Files */,
			);
			path = "Keychain.swift Tests";
			sourceTree = "<group>";
		};
		CAE161521AE1813700771A43 /* Supporting Files */ = {
			isa = PBXGroup;
			children = (
				CAE161531AE1813700771A43 /* Info.plist */,
			);
			name = "Supporting Files";
			sourceTree = "<group>";
		};
/* End PBXGroup section */

/* Begin PBXNativeTarget section */
		CAE1611B1AE124F500771A43 /* Keychain sample app */ = {
			isa = PBXNativeTarget;
			buildConfigurationList = CAE1613B1AE124F500771A43 /* Build configuration list for PBXNativeTarget "Keychain sample app" */;
			buildPhases = (
				CAE161181AE124F500771A43 /* Sources */,
				CAE161191AE124F500771A43 /* Frameworks */,
				CAE1611A1AE124F500771A43 /* Resources */,
			);
			buildRules = (
			);
			dependencies = (
			);
			name = "Keychain sample app";
			productName = "Keychain sample app";
			productReference = CAE1611C1AE124F500771A43 /* Keychain sample app.app */;
			productType = "com.apple.product-type.application";
		};
		CAE1614F1AE1813700771A43 /* Keychain.swift Tests */ = {
			isa = PBXNativeTarget;
			buildConfigurationList = CAE161581AE1813700771A43 /* Build configuration list for PBXNativeTarget "Keychain.swift Tests" */;
			buildPhases = (
				CAE1614C1AE1813700771A43 /* Sources */,
				CAE1614D1AE1813700771A43 /* Frameworks */,
				CAE1614E1AE1813700771A43 /* Resources */,
			);
			buildRules = (
			);
			dependencies = (
				CAE1615A1AE19FF100771A43 /* PBXTargetDependency */,
			);
			name = "Keychain.swift Tests";
			productName = "Keychain.swift Tests";
			productReference = CAE161501AE1813700771A43 /* Keychain.swift Tests.xctest */;
			productType = "com.apple.product-type.bundle.unit-test";
		};
/* End PBXNativeTarget section */

/* Begin PBXProject section */
		CAE161141AE124F500771A43 /* Project object */ = {
			isa = PBXProject;
			attributes = {
				LastUpgradeCheck = 0710;
				ORGANIZATIONNAME = "Joylord Systems Ltd";
				TargetAttributes = {
					CAE1611B1AE124F500771A43 = {
						CreatedOnToolsVersion = 6.3;
					};
					CAE1614F1AE1813700771A43 = {
						CreatedOnToolsVersion = 6.3;
						TestTargetID = CAE1611B1AE124F500771A43;
					};
				};
			};
			buildConfigurationList = CAE161171AE124F500771A43 /* Build configuration list for PBXProject "Keychain sample app" */;
			compatibilityVersion = "Xcode 3.2";
			developmentRegion = English;
			hasScannedForEncodings = 0;
			knownRegions = (
				en,
				Base,
			);
			mainGroup = CAE161131AE124F500771A43;
			productRefGroup = CAE1611D1AE124F500771A43 /* Products */;
			projectDirPath = "";
			projectRoot = "";
			targets = (
				CAE1611B1AE124F500771A43 /* Keychain sample app */,
				CAE1614F1AE1813700771A43 /* Keychain.swift Tests */,
			);
		};
/* End PBXProject section */

/* Begin PBXResourcesBuildPhase section */
		CAE1611A1AE124F500771A43 /* Resources */ = {
			isa = PBXResourcesBuildPhase;
			buildActionMask = 2147483647;
			files = (
				CAE161271AE124F500771A43 /* Main.storyboard in Resources */,
				CAE1612C1AE124F500771A43 /* LaunchScreen.xib in Resources */,
				CAE161291AE124F500771A43 /* Images.xcassets in Resources */,
			);
			runOnlyForDeploymentPostprocessing = 0;
		};
		CAE1614E1AE1813700771A43 /* Resources */ = {
			isa = PBXResourcesBuildPhase;
			buildActionMask = 2147483647;
			files = (
			);
			runOnlyForDeploymentPostprocessing = 0;
		};
/* End PBXResourcesBuildPhase section */

/* Begin PBXSourcesBuildPhase section */
		CAE161181AE124F500771A43 /* Sources */ = {
			isa = PBXSourcesBuildPhase;
			buildActionMask = 2147483647;
			files = (
				CAE161451AE1252D00771A43 /* ViewController.swift in Sources */,
				CAE161441AE1252D00771A43 /* AppDelegate.swift in Sources */,
				CAE1614B1AE1370700771A43 /* SimpleKeychain.swift in Sources */,
			);
			runOnlyForDeploymentPostprocessing = 0;
		};
		CAE1614C1AE1813700771A43 /* Sources */ = {
			isa = PBXSourcesBuildPhase;
			buildActionMask = 2147483647;
			files = (
				CAE161551AE1813700771A43 /* Keychain_swift_Tests.swift in Sources */,
				CAE1615B1AE1A18100771A43 /* SimpleKeychain.swift in Sources */,
			);
			runOnlyForDeploymentPostprocessing = 0;
		};
/* End PBXSourcesBuildPhase section */

/* Begin PBXTargetDependency section */
		CAE1615A1AE19FF100771A43 /* PBXTargetDependency */ = {
			isa = PBXTargetDependency;
			target = CAE1611B1AE124F500771A43 /* Keychain sample app */;
			targetProxy = CAE161591AE19FF100771A43 /* PBXContainerItemProxy */;
		};
/* End PBXTargetDependency section */

/* Begin PBXVariantGroup section */
		CAE161251AE124F500771A43 /* Main.storyboard */ = {
			isa = PBXVariantGroup;
			children = (
				CAE161261AE124F500771A43 /* Base */,
			);
			name = Main.storyboard;
			sourceTree = "<group>";
		};
		CAE1612A1AE124F500771A43 /* LaunchScreen.xib */ = {
			isa = PBXVariantGroup;
			children = (
				CAE1612B1AE124F500771A43 /* Base */,
			);
			name = LaunchScreen.xib;
			sourceTree = "<group>";
		};
/* End PBXVariantGroup section */

/* Begin XCBuildConfiguration section */
		CAE161391AE124F500771A43 /* Debug */ = {
			isa = XCBuildConfiguration;
			buildSettings = {
				ALWAYS_SEARCH_USER_PATHS = NO;
				CLANG_CXX_LANGUAGE_STANDARD = "gnu++0x";
				CLANG_CXX_LIBRARY = "libc++";
				CLANG_ENABLE_MODULES = YES;
				CLANG_ENABLE_OBJC_ARC = YES;
				CLANG_WARN_BOOL_CONVERSION = YES;
				CLANG_WARN_CONSTANT_CONVERSION = YES;
				CLANG_WARN_DIRECT_OBJC_ISA_USAGE = YES_ERROR;
				CLANG_WARN_EMPTY_BODY = YES;
				CLANG_WARN_ENUM_CONVERSION = YES;
				CLANG_WARN_INT_CONVERSION = YES;
				CLANG_WARN_OBJC_ROOT_CLASS = YES_ERROR;
				CLANG_WARN_UNREACHABLE_CODE = YES;
				CLANG_WARN__DUPLICATE_METHOD_MATCH = YES;
				"CODE_SIGN_IDENTITY[sdk=iphoneos*]" = "iPhone Developer";
				COPY_PHASE_STRIP = NO;
				DEBUG_INFORMATION_FORMAT = "dwarf-with-dsym";
				ENABLE_STRICT_OBJC_MSGSEND = YES;
				ENABLE_TESTABILITY = YES;
				GCC_C_LANGUAGE_STANDARD = gnu99;
				GCC_DYNAMIC_NO_PIC = NO;
				GCC_NO_COMMON_BLOCKS = YES;
				GCC_OPTIMIZATION_LEVEL = 0;
				GCC_PREPROCESSOR_DEFINITIONS = (
					"DEBUG=1",
					"$(inherited)",
				);
				GCC_SYMBOLS_PRIVATE_EXTERN = NO;
				GCC_WARN_64_TO_32_BIT_CONVERSION = YES;
				GCC_WARN_ABOUT_RETURN_TYPE = YES_ERROR;
				GCC_WARN_UNDECLARED_SELECTOR = YES;
				GCC_WARN_UNINITIALIZED_AUTOS = YES_AGGRESSIVE;
				GCC_WARN_UNUSED_FUNCTION = YES;
				GCC_WARN_UNUSED_VARIABLE = YES;
				IPHONEOS_DEPLOYMENT_TARGET = 8.3;
				MTL_ENABLE_DEBUG_INFO = YES;
				ONLY_ACTIVE_ARCH = YES;
				SDKROOT = iphoneos;
				SWIFT_OPTIMIZATION_LEVEL = "-Onone";
			};
			name = Debug;
		};
		CAE1613A1AE124F500771A43 /* Release */ = {
			isa = XCBuildConfiguration;
			buildSettings = {
				ALWAYS_SEARCH_USER_PATHS = NO;
				CLANG_CXX_LANGUAGE_STANDARD = "gnu++0x";
				CLANG_CXX_LIBRARY = "libc++";
				CLANG_ENABLE_MODULES = YES;
				CLANG_ENABLE_OBJC_ARC = YES;
				CLANG_WARN_BOOL_CONVERSION = YES;
				CLANG_WARN_CONSTANT_CONVERSION = YES;
				CLANG_WARN_DIRECT_OBJC_ISA_USAGE = YES_ERROR;
				CLANG_WARN_EMPTY_BODY = YES;
				CLANG_WARN_ENUM_CONVERSION = YES;
				CLANG_WARN_INT_CONVERSION = YES;
				CLANG_WARN_OBJC_ROOT_CLASS = YES_ERROR;
				CLANG_WARN_UNREACHABLE_CODE = YES;
				CLANG_WARN__DUPLICATE_METHOD_MATCH = YES;
				"CODE_SIGN_IDENTITY[sdk=iphoneos*]" = "iPhone Developer";
				COPY_PHASE_STRIP = NO;
				DEBUG_INFORMATION_FORMAT = "dwarf-with-dsym";
				ENABLE_NS_ASSERTIONS = NO;
				ENABLE_STRICT_OBJC_MSGSEND = YES;
				GCC_C_LANGUAGE_STANDARD = gnu99;
				GCC_NO_COMMON_BLOCKS = YES;
				GCC_WARN_64_TO_32_BIT_CONVERSION = YES;
				GCC_WARN_ABOUT_RETURN_TYPE = YES_ERROR;
				GCC_WARN_UNDECLARED_SELECTOR = YES;
				GCC_WARN_UNINITIALIZED_AUTOS = YES_AGGRESSIVE;
				GCC_WARN_UNUSED_FUNCTION = YES;
				GCC_WARN_UNUSED_VARIABLE = YES;
				IPHONEOS_DEPLOYMENT_TARGET = 8.3;
				MTL_ENABLE_DEBUG_INFO = NO;
				SDKROOT = iphoneos;
				VALIDATE_PRODUCT = YES;
			};
			name = Release;
		};
		CAE1613C1AE124F500771A43 /* Debug */ = {
			isa = XCBuildConfiguration;
			buildSettings = {
				ASSETCATALOG_COMPILER_APPICON_NAME = AppIcon;
				INFOPLIST_FILE = "Keychain sample app/Info.plist";
				LD_RUNPATH_SEARCH_PATHS = "$(inherited) @executable_path/Frameworks";
				PRODUCT_BUNDLE_IDENTIFIER = "uk.co.joylordsystems.$(PRODUCT_NAME:rfc1034identifier)";
				PRODUCT_NAME = "$(TARGET_NAME)";
			};
			name = Debug;
		};
		CAE1613D1AE124F500771A43 /* Release */ = {
			isa = XCBuildConfiguration;
			buildSettings = {
				ASSETCATALOG_COMPILER_APPICON_NAME = AppIcon;
				INFOPLIST_FILE = "Keychain sample app/Info.plist";
				LD_RUNPATH_SEARCH_PATHS = "$(inherited) @executable_path/Frameworks";
				PRODUCT_BUNDLE_IDENTIFIER = "uk.co.joylordsystems.$(PRODUCT_NAME:rfc1034identifier)";
				PRODUCT_NAME = "$(TARGET_NAME)";
			};
			name = Release;
		};
		CAE161561AE1813700771A43 /* Debug */ = {
			isa = XCBuildConfiguration;
			buildSettings = {
				FRAMEWORK_SEARCH_PATHS = (
					"$(SDKROOT)/Developer/Library/Frameworks",
					"$(inherited)",
				);
				GCC_PREPROCESSOR_DEFINITIONS = (
					"DEBUG=1",
					"$(inherited)",
				);
				INFOPLIST_FILE = "Keychain.swift Tests/Info.plist";
				LD_RUNPATH_SEARCH_PATHS = "$(inherited) @executable_path/Frameworks @loader_path/Frameworks";
				PRODUCT_BUNDLE_IDENTIFIER = "uk.co.joylordsystems.$(PRODUCT_NAME:rfc1034identifier)";
				PRODUCT_NAME = "$(TARGET_NAME)";
				TEST_HOST = "$(BUILT_PRODUCTS_DIR)/Keychain sample app.app/Keychain sample app";
			};
			name = Debug;
		};
		CAE161571AE1813700771A43 /* Release */ = {
			isa = XCBuildConfiguration;
			buildSettings = {
				FRAMEWORK_SEARCH_PATHS = (
					"$(SDKROOT)/Developer/Library/Frameworks",
					"$(inherited)",
				);
				INFOPLIST_FILE = "Keychain.swift Tests/Info.plist";
				LD_RUNPATH_SEARCH_PATHS = "$(inherited) @executable_path/Frameworks @loader_path/Frameworks";
				PRODUCT_BUNDLE_IDENTIFIER = "uk.co.joylordsystems.$(PRODUCT_NAME:rfc1034identifier)";
				PRODUCT_NAME = "$(TARGET_NAME)";
				TEST_HOST = "$(BUILT_PRODUCTS_DIR)/Keychain sample app.app/Keychain sample app";
			};
			name = Release;
		};
/* End XCBuildConfiguration section */

/* Begin XCConfigurationList section */
		CAE161171AE124F500771A43 /* Build configuration list for PBXProject "Keychain sample app" */ = {
			isa = XCConfigurationList;
			buildConfigurations = (
				CAE161391AE124F500771A43 /* Debug */,
				CAE1613A1AE124F500771A43 /* Release */,
			);
			defaultConfigurationIsVisible = 0;
			defaultConfigurationName = Release;
		};
		CAE1613B1AE124F500771A43 /* Build configuration list for PBXNativeTarget "Keychain sample app" */ = {
			isa = XCConfigurationList;
			buildConfigurations = (
				CAE1613C1AE124F500771A43 /* Debug */,
				CAE1613D1AE124F500771A43 /* Release */,
			);
			defaultConfigurationIsVisible = 0;
			defaultConfigurationName = Release;
		};
		CAE161581AE1813700771A43 /* Build configuration list for PBXNativeTarget "Keychain.swift Tests" */ = {
			isa = XCConfigurationList;
			buildConfigurations = (
				CAE161561AE1813700771A43 /* Debug */,
				CAE161571AE1813700771A43 /* Release */,
			);
			defaultConfigurationIsVisible = 0;
			defaultConfigurationName = Release;
		};
/* End XCConfigurationList section */
	};
	rootObject = CAE161141AE124F500771A43 /* Project object */;
}
