PODS:
  - Simple-KeychainSwift (3)

DEPENDENCIES:
  - Simple-KeychainSwift (from `../`)

EXTERNAL SOURCES:
  Simple-KeychainSwift:
    :path: "../"

SPEC CHECKSUMS:
  Simple-KeychainSwift: e073fefc3e4655214e1c773669f2d121a8a9fa81

PODFILE CHECKSUM: 5fc898cab62f2e778e82380141dfaada86edc7f1

COCOAPODS: 1.1.0.rc.2
