PODS:
  - Simple-KeychainSwift (4.2.0)

DEPENDENCIES:
  - Simple-KeychainSwift (from `../`)

EXTERNAL SOURCES:
  Simple-KeychainSwift:
    :path: "../"

SPEC CHECKSUMS:
  Simple-KeychainSwift: b6033e963242303cdcc323f38f8cc6b120c4a0e6

PODFILE CHECKSUM: 76560b443614cdcbf5c4a3242ebc096489047ca8

COCOAPODS: 1.9.3
